
Microsoft Visual Studio Solution File, Format Version 12.00
# Visual Studio Version 16
VisualStudioVersion = 16.0.29509.3
MinimumVisualStudioVersion = 10.0.40219.1
Project("{FAE04EC0-301F-11D3-BF4B-00C04F79EFBC}") = "Sample.Android", "Sample\Sample.Android\Sample.Android.csproj", "{169AC791-4BA5-4F09-95D8-604BBFFC8858}"
EndProject
Project("{FAE04EC0-301F-11D3-BF4B-00C04F79EFBC}") = "Sample.iOS", "Sample\Sample.iOS\Sample.iOS.csproj", "{C12820AD-7D17-4D1D-9F80-2FD47CF06F6B}"
EndProject
Project("{FAE04EC0-301F-11D3-BF4B-00C04F79EFBC}") = "Sample", "Sample\Sample\Sample.csproj", "{0900AA9B-58FC-4E7F-9AF0-33AB228741C9}"
EndProject
Global
	GlobalSection(SolutionConfigurationPlatforms) = preSolution
		Debug|Any CPU = Debug|Any CPU
		Debug|iPhone = Debug|iPhone
		Debug|iPhoneSimulator = Debug|iPhoneSimulator
		Release|Any CPU = Release|Any CPU
		Release|iPhone = Release|iPhone
		Release|iPhoneSimulator = Release|iPhoneSimulator
	EndGlobalSection
	GlobalSection(ProjectConfigurationPlatforms) = postSolution
		{169AC791-4BA5-4F09-95D8-604BBFFC8858}.Debug|Any CPU.ActiveCfg = Debug|Any CPU
		{169AC791-4BA5-4F09-95D8-604BBFFC8858}.Debug|Any CPU.Build.0 = Debug|Any CPU
		{169AC791-4BA5-4F09-95D8-604BBFFC8858}.Debug|Any CPU.Deploy.0 = Debug|Any CPU
		{169AC791-4BA5-4F09-95D8-604BBFFC8858}.Debug|iPhone.ActiveCfg = Debug|Any CPU
		{169AC791-4BA5-4F09-95D8-604BBFFC8858}.Debug|iPhone.Build.0 = Debug|Any CPU
		{169AC791-4BA5-4F09-95D8-604BBFFC8858}.Debug|iPhone.Deploy.0 = Debug|Any CPU
		{169AC791-4BA5-4F09-95D8-604BBFFC8858}.Debug|iPhoneSimulator.ActiveCfg = Debug|Any CPU
		{169AC791-4BA5-4F09-95D8-604BBFFC8858}.Debug|iPhoneSimulator.Build.0 = Debug|Any CPU
		{169AC791-4BA5-4F09-95D8-604BBFFC8858}.Debug|iPhoneSimulator.Deploy.0 = Debug|Any CPU
		{169AC791-4BA5-4F09-95D8-604BBFFC8858}.Release|Any CPU.ActiveCfg = Release|Any CPU
		{169AC791-4BA5-4F09-95D8-604BBFFC8858}.Release|Any CPU.Build.0 = Release|Any CPU
		{169AC791-4BA5-4F09-95D8-604BBFFC8858}.Release|Any CPU.Deploy.0 = Release|Any CPU
		{169AC791-4BA5-4F09-95D8-604BBFFC8858}.Release|iPhone.ActiveCfg = Release|Any CPU
		{169AC791-4BA5-4F09-95D8-604BBFFC8858}.Release|iPhone.Build.0 = Release|Any CPU
		{169AC791-4BA5-4F09-95D8-604BBFFC8858}.Release|iPhone.Deploy.0 = Release|Any CPU
		{169AC791-4BA5-4F09-95D8-604BBFFC8858}.Release|iPhoneSimulator.ActiveCfg = Release|Any CPU
		{169AC791-4BA5-4F09-95D8-604BBFFC8858}.Release|iPhoneSimulator.Build.0 = Release|Any CPU
		{169AC791-4BA5-4F09-95D8-604BBFFC8858}.Release|iPhoneSimulator.Deploy.0 = Release|Any CPU
		{C12820AD-7D17-4D1D-9F80-2FD47CF06F6B}.Debug|Any CPU.ActiveCfg = Debug|iPhoneSimulator
		{C12820AD-7D17-4D1D-9F80-2FD47CF06F6B}.Debug|Any CPU.Build.0 = Debug|iPhoneSimulator
		{C12820AD-7D17-4D1D-9F80-2FD47CF06F6B}.Debug|Any CPU.Deploy.0 = Debug|iPhoneSimulator
		{C12820AD-7D17-4D1D-9F80-2FD47CF06F6B}.Debug|iPhone.ActiveCfg = Debug|iPhone
		{C12820AD-7D17-4D1D-9F80-2FD47CF06F6B}.Debug|iPhone.Build.0 = Debug|iPhone
		{C12820AD-7D17-4D1D-9F80-2FD47CF06F6B}.Debug|iPhone.Deploy.0 = Debug|iPhone
		{C12820AD-7D17-4D1D-9F80-2FD47CF06F6B}.Debug|iPhoneSimulator.ActiveCfg = Debug|iPhoneSimulator
		{C12820AD-7D17-4D1D-9F80-2FD47CF06F6B}.Debug|iPhoneSimulator.Build.0 = Debug|iPhoneSimulator
		{C12820AD-7D17-4D1D-9F80-2FD47CF06F6B}.Debug|iPhoneSimulator.Deploy.0 = Debug|iPhoneSimulator
		{C12820AD-7D17-4D1D-9F80-2FD47CF06F6B}.Release|Any CPU.ActiveCfg = Release|iPhone
		{C12820AD-7D17-4D1D-9F80-2FD47CF06F6B}.Release|Any CPU.Build.0 = Release|iPhone
		{C12820AD-7D17-4D1D-9F80-2FD47CF06F6B}.Release|Any CPU.Deploy.0 = Release|iPhone
		{C12820AD-7D17-4D1D-9F80-2FD47CF06F6B}.Release|iPhone.ActiveCfg = Release|iPhone
		{C12820AD-7D17-4D1D-9F80-2FD47CF06F6B}.Release|iPhone.Build.0 = Release|iPhone
		{C12820AD-7D17-4D1D-9F80-2FD47CF06F6B}.Release|iPhone.Deploy.0 = Release|iPhone
		{C12820AD-7D17-4D1D-9F80-2FD47CF06F6B}.Release|iPhoneSimulator.ActiveCfg = Release|iPhoneSimulator
		{C12820AD-7D17-4D1D-9F80-2FD47CF06F6B}.Release|iPhoneSimulator.Build.0 = Release|iPhoneSimulator
		{C12820AD-7D17-4D1D-9F80-2FD47CF06F6B}.Release|iPhoneSimulator.Deploy.0 = Release|iPhoneSimulator
		{0900AA9B-58FC-4E7F-9AF0-33AB228741C9}.Debug|Any CPU.ActiveCfg = Debug|Any CPU
		{0900AA9B-58FC-4E7F-9AF0-33AB228741C9}.Debug|Any CPU.Build.0 = Debug|Any CPU
		{0900AA9B-58FC-4E7F-9AF0-33AB228741C9}.Debug|Any CPU.Deploy.0 = Debug|Any CPU
		{0900AA9B-58FC-4E7F-9AF0-33AB228741C9}.Debug|iPhone.ActiveCfg = Debug|Any CPU
		{0900AA9B-58FC-4E7F-9AF0-33AB228741C9}.Debug|iPhone.Build.0 = Debug|Any CPU
		{0900AA9B-58FC-4E7F-9AF0-33AB228741C9}.Debug|iPhone.Deploy.0 = Debug|Any CPU
		{0900AA9B-58FC-4E7F-9AF0-33AB228741C9}.Debug|iPhoneSimulator.ActiveCfg = Debug|Any CPU
		{0900AA9B-58FC-4E7F-9AF0-33AB228741C9}.Debug|iPhoneSimulator.Build.0 = Debug|Any CPU
		{0900AA9B-58FC-4E7F-9AF0-33AB228741C9}.Debug|iPhoneSimulator.Deploy.0 = Debug|Any CPU
		{0900AA9B-58FC-4E7F-9AF0-33AB228741C9}.Release|Any CPU.ActiveCfg = Release|Any CPU
		{0900AA9B-58FC-4E7F-9AF0-33AB228741C9}.Release|Any CPU.Build.0 = Release|Any CPU
		{0900AA9B-58FC-4E7F-9AF0-33AB228741C9}.Release|Any CPU.Deploy.0 = Release|Any CPU
		{0900AA9B-58FC-4E7F-9AF0-33AB228741C9}.Release|iPhone.ActiveCfg = Release|Any CPU
		{0900AA9B-58FC-4E7F-9AF0-33AB228741C9}.Release|iPhone.Build.0 = Release|Any CPU
		{0900AA9B-58FC-4E7F-9AF0-33AB228741C9}.Release|iPhone.Deploy.0 = Release|Any CPU
		{0900AA9B-58FC-4E7F-9AF0-33AB228741C9}.Release|iPhoneSimulator.ActiveCfg = Release|Any CPU
		{0900AA9B-58FC-4E7F-9AF0-33AB228741C9}.Release|iPhoneSimulator.Build.0 = Release|Any CPU
		{0900AA9B-58FC-4E7F-9AF0-33AB228741C9}.Release|iPhoneSimulator.Deploy.0 = Release|Any CPU
	EndGlobalSection
	GlobalSection(SolutionProperties) = preSolution
		HideSolutionNode = FALSE
	EndGlobalSection
	GlobalSection(ExtensibilityGlobals) = postSolution
		SolutionGuid = {C4EA6D57-BC8A-44FB-8616-F773BA3249C0}
	EndGlobalSection
EndGlobal
